// !$*UTF8*$!
{
	archiveVersion = 1;
	classes = {
	};
	objectVersion = 50;
	objects = {

/* Begin PBXBuildFile section */
		F84A611E24AF788F00507103 /* AppDelegate.swift in Sources */ = {isa = PBXBuildFile; fileRef = F84A611D24AF788F00507103 /* AppDelegate.swift */; };
		F84A612024AF788F00507103 /* SceneDelegate.swift in Sources */ = {isa = PBXBuildFile; fileRef = F84A611F24AF788F00507103 /* SceneDelegate.swift */; };
		F84A612724AF789300507103 /* Assets.xcassets in Resources */ = {isa = PBXBuildFile; fileRef = F84A612624AF789300507103 /* Assets.xcassets */; };
		F84A612A24AF789300507103 /* LaunchScreen.storyboard in Resources */ = {isa = PBXBuildFile; fileRef = F84A612824AF789300507103 /* LaunchScreen.storyboard */; };
		F84A613E24B22FCD00507103 /* SearchViewController.swift in Sources */ = {isa = PBXBuildFile; fileRef = F84A613D24B22FCD00507103 /* SearchViewController.swift */; };
		F84A614024B2460500507103 /* FavoritesListViewController.swift in Sources */ = {isa = PBXBuildFile; fileRef = F84A613F24B2460500507103 /* FavoritesListViewController.swift */; };
		F84A614224B49E9700507103 /* GFButton.swift in Sources */ = {isa = PBXBuildFile; fileRef = F84A614124B49E9700507103 /* GFButton.swift */; };
		F84A614424B5C95400507103 /* GFTextField.swift in Sources */ = {isa = PBXBuildFile; fileRef = F84A614324B5C95400507103 /* GFTextField.swift */; };
		F84A614624B5E5E100507103 /* FollowerListViewController.swift in Sources */ = {isa = PBXBuildFile; fileRef = F84A614524B5E5E100507103 /* FollowerListViewController.swift */; };
		F84A614824B72E4600507103 /* GFTitleLabel.swift in Sources */ = {isa = PBXBuildFile; fileRef = F84A614724B72E4600507103 /* GFTitleLabel.swift */; };
		F84A614A24B7304800507103 /* GFBodyLabel.swift in Sources */ = {isa = PBXBuildFile; fileRef = F84A614924B7304800507103 /* GFBodyLabel.swift */; };
		F84A614C24B7315500507103 /* GFAlertViewController.swift in Sources */ = {isa = PBXBuildFile; fileRef = F84A614B24B7315500507103 /* GFAlertViewController.swift */; };
		F84A614E24B738EE00507103 /* UIViewController+Ext.swift in Sources */ = {isa = PBXBuildFile; fileRef = F84A614D24B738EE00507103 /* UIViewController+Ext.swift */; };
		F84A615724BDFC8C00507103 /* Follower.swift in Sources */ = {isa = PBXBuildFile; fileRef = F84A615624BDFC8C00507103 /* Follower.swift */; };
		F84A615924BDFD4F00507103 /* User.swift in Sources */ = {isa = PBXBuildFile; fileRef = F84A615824BDFD4F00507103 /* User.swift */; };
		F84A615C24BE018300507103 /* NetworkManager.swift in Sources */ = {isa = PBXBuildFile; fileRef = F84A615B24BE018300507103 /* NetworkManager.swift */; };
		F84A615F24BF811800507103 /* GFError.swift in Sources */ = {isa = PBXBuildFile; fileRef = F84A615E24BF811800507103 /* GFError.swift */; };
		F84A616C24CEE51F00507103 /* FollowerCell.swift in Sources */ = {isa = PBXBuildFile; fileRef = F84A616B24CEE51F00507103 /* FollowerCell.swift */; };
		F84A616E24CEE59C00507103 /* GFAvatarImageView.swift in Sources */ = {isa = PBXBuildFile; fileRef = F84A616D24CEE59C00507103 /* GFAvatarImageView.swift */; };
		F84A617024CF3C5C00507103 /* UIHelper.swift in Sources */ = {isa = PBXBuildFile; fileRef = F84A616F24CF3C5C00507103 /* UIHelper.swift */; };
		F84A619624E4175C00507103 /* GFEmptyStateView.swift in Sources */ = {isa = PBXBuildFile; fileRef = F84A619524E4175C00507103 /* GFEmptyStateView.swift */; };
/* End PBXBuildFile section */

/* Begin PBXFileReference section */
		F84A611A24AF788F00507103 /* GHFollowers.app */ = {isa = PBXFileReference; explicitFileType = wrapper.application; includeInIndex = 0; path = GHFollowers.app; sourceTree = BUILT_PRODUCTS_DIR; };
		F84A611D24AF788F00507103 /* AppDelegate.swift */ = {isa = PBXFileReference; lastKnownFileType = sourcecode.swift; path = AppDelegate.swift; sourceTree = "<group>"; };
		F84A611F24AF788F00507103 /* SceneDelegate.swift */ = {isa = PBXFileReference; lastKnownFileType = sourcecode.swift; path = SceneDelegate.swift; sourceTree = "<group>"; };
		F84A612624AF789300507103 /* Assets.xcassets */ = {isa = PBXFileReference; lastKnownFileType = folder.assetcatalog; path = Assets.xcassets; sourceTree = "<group>"; };
		F84A612924AF789300507103 /* Base */ = {isa = PBXFileReference; lastKnownFileType = file.storyboard; name = Base; path = Base.lproj/LaunchScreen.storyboard; sourceTree = "<group>"; };
		F84A612B24AF789300507103 /* Info.plist */ = {isa = PBXFileReference; lastKnownFileType = text.plist.xml; path = Info.plist; sourceTree = "<group>"; };
		F84A613D24B22FCD00507103 /* SearchViewController.swift */ = {isa = PBXFileReference; lastKnownFileType = sourcecode.swift; path = SearchViewController.swift; sourceTree = "<group>"; };
		F84A613F24B2460500507103 /* FavoritesListViewController.swift */ = {isa = PBXFileReference; lastKnownFileType = sourcecode.swift; path = FavoritesListViewController.swift; sourceTree = "<group>"; };
		F84A614124B49E9700507103 /* GFButton.swift */ = {isa = PBXFileReference; lastKnownFileType = sourcecode.swift; path = GFButton.swift; sourceTree = "<group>"; };
		F84A614324B5C95400507103 /* GFTextField.swift */ = {isa = PBXFileReference; lastKnownFileType = sourcecode.swift; path = GFTextField.swift; sourceTree = "<group>"; };
		F84A614524B5E5E100507103 /* FollowerListViewController.swift */ = {isa = PBXFileReference; lastKnownFileType = sourcecode.swift; path = FollowerListViewController.swift; sourceTree = "<group>"; };
		F84A614724B72E4600507103 /* GFTitleLabel.swift */ = {isa = PBXFileReference; lastKnownFileType = sourcecode.swift; path = GFTitleLabel.swift; sourceTree = "<group>"; };
		F84A614924B7304800507103 /* GFBodyLabel.swift */ = {isa = PBXFileReference; lastKnownFileType = sourcecode.swift; path = GFBodyLabel.swift; sourceTree = "<group>"; };
		F84A614B24B7315500507103 /* GFAlertViewController.swift */ = {isa = PBXFileReference; lastKnownFileType = sourcecode.swift; path = GFAlertViewController.swift; sourceTree = "<group>"; };
		F84A614D24B738EE00507103 /* UIViewController+Ext.swift */ = {isa = PBXFileReference; lastKnownFileType = sourcecode.swift; path = "UIViewController+Ext.swift"; sourceTree = "<group>"; };
		F84A615624BDFC8C00507103 /* Follower.swift */ = {isa = PBXFileReference; lastKnownFileType = sourcecode.swift; path = Follower.swift; sourceTree = "<group>"; };
		F84A615824BDFD4F00507103 /* User.swift */ = {isa = PBXFileReference; lastKnownFileType = sourcecode.swift; path = User.swift; sourceTree = "<group>"; };
		F84A615B24BE018300507103 /* NetworkManager.swift */ = {isa = PBXFileReference; lastKnownFileType = sourcecode.swift; path = NetworkManager.swift; sourceTree = "<group>"; };
		F84A615E24BF811800507103 /* GFError.swift */ = {isa = PBXFileReference; lastKnownFileType = sourcecode.swift; path = GFError.swift; sourceTree = "<group>"; };
		F84A616B24CEE51F00507103 /* FollowerCell.swift */ = {isa = PBXFileReference; lastKnownFileType = sourcecode.swift; path = FollowerCell.swift; sourceTree = "<group>"; };
		F84A616D24CEE59C00507103 /* GFAvatarImageView.swift */ = {isa = PBXFileReference; lastKnownFileType = sourcecode.swift; path = GFAvatarImageView.swift; sourceTree = "<group>"; };
		F84A616F24CF3C5C00507103 /* UIHelper.swift */ = {isa = PBXFileReference; lastKnownFileType = sourcecode.swift; path = UIHelper.swift; sourceTree = "<group>"; };
		F84A619524E4175C00507103 /* GFEmptyStateView.swift */ = {isa = PBXFileReference; lastKnownFileType = sourcecode.swift; path = GFEmptyStateView.swift; sourceTree = "<group>"; };
/* End PBXFileReference section */

/* Begin PBXFrameworksBuildPhase section */
		F84A611724AF788F00507103 /* Frameworks */ = {
			isa = PBXFrameworksBuildPhase;
			buildActionMask = 2147483647;
			files = (
			);
			runOnlyForDeploymentPostprocessing = 0;
		};
/* End PBXFrameworksBuildPhase section */

/* Begin PBXGroup section */
		F84A611124AF788F00507103 = {
			isa = PBXGroup;
			children = (
				F84A611C24AF788F00507103 /* GHFollowers */,
				F84A611B24AF788F00507103 /* Products */,
			);
			sourceTree = "<group>";
		};
		F84A611B24AF788F00507103 /* Products */ = {
			isa = PBXGroup;
			children = (
				F84A611A24AF788F00507103 /* GHFollowers.app */,
			);
			name = Products;
			sourceTree = "<group>";
		};
		F84A611C24AF788F00507103 /* GHFollowers */ = {
			isa = PBXGroup;
			children = (
				F84A615D24BF80FF00507103 /* Utilities */,
				F84A615A24BE016D00507103 /* Managers */,
				F84A615524BDFC7A00507103 /* Model */,
				F84A615424BDF8D700507103 /* Support */,
				F84A615324BDF86C00507103 /* Extensions */,
				F84A615224BDF83E00507103 /* Custom Views */,
				F84A615124BDF80500507103 /* Screens */,
				F84A612B24AF789300507103 /* Info.plist */,
			);
			path = GHFollowers;
			sourceTree = "<group>";
		};
		F84A615124BDF80500507103 /* Screens */ = {
			isa = PBXGroup;
			children = (
				F84A613D24B22FCD00507103 /* SearchViewController.swift */,
				F84A613F24B2460500507103 /* FavoritesListViewController.swift */,
				F84A614524B5E5E100507103 /* FollowerListViewController.swift */,
			);
			path = Screens;
			sourceTree = "<group>";
		};
		F84A615224BDF83E00507103 /* Custom Views */ = {
			isa = PBXGroup;
			children = (
				F84A619424E4170D00507103 /* Labels */,
				F84A619324E416EA00507103 /* ViewControllers */,
				F84A619224E416DC00507103 /* ImageViews */,
				F84A619124E416C600507103 /* TextFields */,
				F84A619024E416BA00507103 /* Buttons */,
				F84A618F24E416A000507103 /* Views */,
				F84A616A24CEE4FB00507103 /* Cells */,
			);
			path = "Custom Views";
			sourceTree = "<group>";
		};
		F84A615324BDF86C00507103 /* Extensions */ = {
			isa = PBXGroup;
			children = (
				F84A614D24B738EE00507103 /* UIViewController+Ext.swift */,
			);
			path = Extensions;
			sourceTree = "<group>";
		};
		F84A615424BDF8D700507103 /* Support */ = {
			isa = PBXGroup;
			children = (
				F84A611D24AF788F00507103 /* AppDelegate.swift */,
				F84A611F24AF788F00507103 /* SceneDelegate.swift */,
				F84A612624AF789300507103 /* Assets.xcassets */,
				F84A612824AF789300507103 /* LaunchScreen.storyboard */,
			);
			path = Support;
			sourceTree = "<group>";
		};
		F84A615524BDFC7A00507103 /* Model */ = {
			isa = PBXGroup;
			children = (
				F84A615624BDFC8C00507103 /* Follower.swift */,
				F84A615824BDFD4F00507103 /* User.swift */,
			);
			path = Model;
			sourceTree = "<group>";
		};
		F84A615A24BE016D00507103 /* Managers */ = {
			isa = PBXGroup;
			children = (
				F84A615B24BE018300507103 /* NetworkManager.swift */,
			);
			path = Managers;
			sourceTree = "<group>";
		};
		F84A615D24BF80FF00507103 /* Utilities */ = {
			isa = PBXGroup;
			children = (
				F84A615E24BF811800507103 /* GFError.swift */,
				F84A616F24CF3C5C00507103 /* UIHelper.swift */,
			);
			path = Utilities;
			sourceTree = "<group>";
		};
		F84A616A24CEE4FB00507103 /* Cells */ = {
			isa = PBXGroup;
			children = (
				F84A616B24CEE51F00507103 /* FollowerCell.swift */,
			);
			path = Cells;
			sourceTree = "<group>";
		};
		F84A618F24E416A000507103 /* Views */ = {
			isa = PBXGroup;
			children = (
				F84A619524E4175C00507103 /* GFEmptyStateView.swift */,
			);
			path = Views;
			sourceTree = "<group>";
		};
		F84A619024E416BA00507103 /* Buttons */ = {
			isa = PBXGroup;
			children = (
				F84A614124B49E9700507103 /* GFButton.swift */,
			);
			path = Buttons;
			sourceTree = "<group>";
		};
		F84A619124E416C600507103 /* TextFields */ = {
			isa = PBXGroup;
			children = (
				F84A614324B5C95400507103 /* GFTextField.swift */,
			);
			path = TextFields;
			sourceTree = "<group>";
		};
		F84A619224E416DC00507103 /* ImageViews */ = {
			isa = PBXGroup;
			children = (
				F84A616D24CEE59C00507103 /* GFAvatarImageView.swift */,
			);
			path = ImageViews;
			sourceTree = "<group>";
		};
		F84A619324E416EA00507103 /* ViewControllers */ = {
			isa = PBXGroup;
			children = (
				F84A614B24B7315500507103 /* GFAlertViewController.swift */,
			);
			path = ViewControllers;
			sourceTree = "<group>";
		};
		F84A619424E4170D00507103 /* Labels */ = {
			isa = PBXGroup;
			children = (
				F84A614724B72E4600507103 /* GFTitleLabel.swift */,
				F84A614924B7304800507103 /* GFBodyLabel.swift */,
			);
			path = Labels;
			sourceTree = "<group>";
		};
/* End PBXGroup section */

/* Begin PBXNativeTarget section */
		F84A611924AF788F00507103 /* GHFollowers */ = {
			isa = PBXNativeTarget;
			buildConfigurationList = F84A612E24AF789300507103 /* Build configuration list for PBXNativeTarget "GHFollowers" */;
			buildPhases = (
				F84A611624AF788F00507103 /* Sources */,
				F84A611724AF788F00507103 /* Frameworks */,
				F84A611824AF788F00507103 /* Resources */,
			);
			buildRules = (
			);
			dependencies = (
			);
			name = GHFollowers;
			productName = GHFollowers;
			productReference = F84A611A24AF788F00507103 /* GHFollowers.app */;
			productType = "com.apple.product-type.application";
		};
/* End PBXNativeTarget section */

/* Begin PBXProject section */
		F84A611224AF788F00507103 /* Project object */ = {
			isa = PBXProject;
			attributes = {
				LastSwiftUpdateCheck = 1150;
				LastUpgradeCheck = 1150;
				ORGANIZATIONNAME = "com.app-squared";
				TargetAttributes = {
					F84A611924AF788F00507103 = {
						CreatedOnToolsVersion = 11.5;
					};
				};
			};
			buildConfigurationList = F84A611524AF788F00507103 /* Build configuration list for PBXProject "GHFollowers" */;
			compatibilityVersion = "Xcode 9.3";
			developmentRegion = en;
			hasScannedForEncodings = 0;
			knownRegions = (
				en,
				Base,
			);
			mainGroup = F84A611124AF788F00507103;
			productRefGroup = F84A611B24AF788F00507103 /* Products */;
			projectDirPath = "";
			projectRoot = "";
			targets = (
				F84A611924AF788F00507103 /* GHFollowers */,
			);
		};
/* End PBXProject section */

/* Begin PBXResourcesBuildPhase section */
		F84A611824AF788F00507103 /* Resources */ = {
			isa = PBXResourcesBuildPhase;
			buildActionMask = 2147483647;
			files = (
				F84A612A24AF789300507103 /* LaunchScreen.storyboard in Resources */,
				F84A612724AF789300507103 /* Assets.xcassets in Resources */,
			);
			runOnlyForDeploymentPostprocessing = 0;
		};
/* End PBXResourcesBuildPhase section */

/* Begin PBXSourcesBuildPhase section */
		F84A611624AF788F00507103 /* Sources */ = {
			isa = PBXSourcesBuildPhase;
			buildActionMask = 2147483647;
			files = (
				F84A615924BDFD4F00507103 /* User.swift in Sources */,
				F84A614C24B7315500507103 /* GFAlertViewController.swift in Sources */,
				F84A614424B5C95400507103 /* GFTextField.swift in Sources */,
				F84A613E24B22FCD00507103 /* SearchViewController.swift in Sources */,
				F84A614E24B738EE00507103 /* UIViewController+Ext.swift in Sources */,
				F84A617024CF3C5C00507103 /* UIHelper.swift in Sources */,
				F84A616E24CEE59C00507103 /* GFAvatarImageView.swift in Sources */,
				F84A614224B49E9700507103 /* GFButton.swift in Sources */,
				F84A614624B5E5E100507103 /* FollowerListViewController.swift in Sources */,
				F84A616C24CEE51F00507103 /* FollowerCell.swift in Sources */,
				F84A615F24BF811800507103 /* GFError.swift in Sources */,
				F84A614A24B7304800507103 /* GFBodyLabel.swift in Sources */,
				F84A615724BDFC8C00507103 /* Follower.swift in Sources */,
				F84A614824B72E4600507103 /* GFTitleLabel.swift in Sources */,
				F84A619624E4175C00507103 /* GFEmptyStateView.swift in Sources */,
				F84A615C24BE018300507103 /* NetworkManager.swift in Sources */,
				F84A611E24AF788F00507103 /* AppDelegate.swift in Sources */,
				F84A614024B2460500507103 /* FavoritesListViewController.swift in Sources */,
				F84A612024AF788F00507103 /* SceneDelegate.swift in Sources */,
			);
			runOnlyForDeploymentPostprocessing = 0;
		};
/* End PBXSourcesBuildPhase section */

/* Begin PBXVariantGroup section */
		F84A612824AF789300507103 /* LaunchScreen.storyboard */ = {
			isa = PBXVariantGroup;
			children = (
				F84A612924AF789300507103 /* Base */,
			);
			name = LaunchScreen.storyboard;
			sourceTree = "<group>";
		};
/* End PBXVariantGroup section */

/* Begin XCBuildConfiguration section */
		F84A612C24AF789300507103 /* Debug */ = {
			isa = XCBuildConfiguration;
			buildSettings = {
				ALWAYS_SEARCH_USER_PATHS = NO;
				CLANG_ANALYZER_NONNULL = YES;
				CLANG_ANALYZER_NUMBER_OBJECT_CONVERSION = YES_AGGRESSIVE;
				CLANG_CXX_LANGUAGE_STANDARD = "gnu++14";
				CLANG_CXX_LIBRARY = "libc++";
				CLANG_ENABLE_MODULES = YES;
				CLANG_ENABLE_OBJC_ARC = YES;
				CLANG_ENABLE_OBJC_WEAK = YES;
				CLANG_WARN_BLOCK_CAPTURE_AUTORELEASING = YES;
				CLANG_WARN_BOOL_CONVERSION = YES;
				CLANG_WARN_COMMA = YES;
				CLANG_WARN_CONSTANT_CONVERSION = YES;
				CLANG_WARN_DEPRECATED_OBJC_IMPLEMENTATIONS = YES;
				CLANG_WARN_DIRECT_OBJC_ISA_USAGE = YES_ERROR;
				CLANG_WARN_DOCUMENTATION_COMMENTS = YES;
				CLANG_WARN_EMPTY_BODY = YES;
				CLANG_WARN_ENUM_CONVERSION = YES;
				CLANG_WARN_INFINITE_RECURSION = YES;
				CLANG_WARN_INT_CONVERSION = YES;
				CLANG_WARN_NON_LITERAL_NULL_CONVERSION = YES;
				CLANG_WARN_OBJC_IMPLICIT_RETAIN_SELF = YES;
				CLANG_WARN_OBJC_LITERAL_CONVERSION = YES;
				CLANG_WARN_OBJC_ROOT_CLASS = YES_ERROR;
				CLANG_WARN_RANGE_LOOP_ANALYSIS = YES;
				CLANG_WARN_STRICT_PROTOTYPES = YES;
				CLANG_WARN_SUSPICIOUS_MOVE = YES;
				CLANG_WARN_UNGUARDED_AVAILABILITY = YES_AGGRESSIVE;
				CLANG_WARN_UNREACHABLE_CODE = YES;
				CLANG_WARN__DUPLICATE_METHOD_MATCH = YES;
				COPY_PHASE_STRIP = NO;
				DEBUG_INFORMATION_FORMAT = dwarf;
				ENABLE_STRICT_OBJC_MSGSEND = YES;
				ENABLE_TESTABILITY = YES;
				GCC_C_LANGUAGE_STANDARD = gnu11;
				GCC_DYNAMIC_NO_PIC = NO;
				GCC_NO_COMMON_BLOCKS = YES;
				GCC_OPTIMIZATION_LEVEL = 0;
				GCC_PREPROCESSOR_DEFINITIONS = (
					"DEBUG=1",
					"$(inherited)",
				);
				GCC_WARN_64_TO_32_BIT_CONVERSION = YES;
				GCC_WARN_ABOUT_RETURN_TYPE = YES_ERROR;
				GCC_WARN_UNDECLARED_SELECTOR = YES;
				GCC_WARN_UNINITIALIZED_AUTOS = YES_AGGRESSIVE;
				GCC_WARN_UNUSED_FUNCTION = YES;
				GCC_WARN_UNUSED_VARIABLE = YES;
				IPHONEOS_DEPLOYMENT_TARGET = 13.5;
				MTL_ENABLE_DEBUG_INFO = INCLUDE_SOURCE;
				MTL_FAST_MATH = YES;
				ONLY_ACTIVE_ARCH = YES;
				SDKROOT = iphoneos;
				SWIFT_ACTIVE_COMPILATION_CONDITIONS = DEBUG;
				SWIFT_OPTIMIZATION_LEVEL = "-Onone";
			};
			name = Debug;
		};
		F84A612D24AF789300507103 /* Release */ = {
			isa = XCBuildConfiguration;
			buildSettings = {
				ALWAYS_SEARCH_USER_PATHS = NO;
				CLANG_ANALYZER_NONNULL = YES;
				CLANG_ANALYZER_NUMBER_OBJECT_CONVERSION = YES_AGGRESSIVE;
				CLANG_CXX_LANGUAGE_STANDARD = "gnu++14";
				CLANG_CXX_LIBRARY = "libc++";
				CLANG_ENABLE_MODULES = YES;
				CLANG_ENABLE_OBJC_ARC = YES;
				CLANG_ENABLE_OBJC_WEAK = YES;
				CLANG_WARN_BLOCK_CAPTURE_AUTORELEASING = YES;
				CLANG_WARN_BOOL_CONVERSION = YES;
				CLANG_WARN_COMMA = YES;
				CLANG_WARN_CONSTANT_CONVERSION = YES;
				CLANG_WARN_DEPRECATED_OBJC_IMPLEMENTATIONS = YES;
				CLANG_WARN_DIRECT_OBJC_ISA_USAGE = YES_ERROR;
				CLANG_WARN_DOCUMENTATION_COMMENTS = YES;
				CLANG_WARN_EMPTY_BODY = YES;
				CLANG_WARN_ENUM_CONVERSION = YES;
				CLANG_WARN_INFINITE_RECURSION = YES;
				CLANG_WARN_INT_CONVERSION = YES;
				CLANG_WARN_NON_LITERAL_NULL_CONVERSION = YES;
				CLANG_WARN_OBJC_IMPLICIT_RETAIN_SELF = YES;
				CLANG_WARN_OBJC_LITERAL_CONVERSION = YES;
				CLANG_WARN_OBJC_ROOT_CLASS = YES_ERROR;
				CLANG_WARN_RANGE_LOOP_ANALYSIS = YES;
				CLANG_WARN_STRICT_PROTOTYPES = YES;
				CLANG_WARN_SUSPICIOUS_MOVE = YES;
				CLANG_WARN_UNGUARDED_AVAILABILITY = YES_AGGRESSIVE;
				CLANG_WARN_UNREACHABLE_CODE = YES;
				CLANG_WARN__DUPLICATE_METHOD_MATCH = YES;
				COPY_PHASE_STRIP = NO;
				DEBUG_INFORMATION_FORMAT = "dwarf-with-dsym";
				ENABLE_NS_ASSERTIONS = NO;
				ENABLE_STRICT_OBJC_MSGSEND = YES;
				GCC_C_LANGUAGE_STANDARD = gnu11;
				GCC_NO_COMMON_BLOCKS = YES;
				GCC_WARN_64_TO_32_BIT_CONVERSION = YES;
				GCC_WARN_ABOUT_RETURN_TYPE = YES_ERROR;
				GCC_WARN_UNDECLARED_SELECTOR = YES;
				GCC_WARN_UNINITIALIZED_AUTOS = YES_AGGRESSIVE;
				GCC_WARN_UNUSED_FUNCTION = YES;
				GCC_WARN_UNUSED_VARIABLE = YES;
				IPHONEOS_DEPLOYMENT_TARGET = 13.5;
				MTL_ENABLE_DEBUG_INFO = NO;
				MTL_FAST_MATH = YES;
				SDKROOT = iphoneos;
				SWIFT_COMPILATION_MODE = wholemodule;
				SWIFT_OPTIMIZATION_LEVEL = "-O";
				VALIDATE_PRODUCT = YES;
			};
			name = Release;
		};
		F84A612F24AF789300507103 /* Debug */ = {
			isa = XCBuildConfiguration;
			buildSettings = {
				ASSETCATALOG_COMPILER_APPICON_NAME = AppIcon;
				CODE_SIGN_STYLE = Automatic;
				DEVELOPMENT_TEAM = J339M6HX88;
				INFOPLIST_FILE = GHFollowers/Info.plist;
				LD_RUNPATH_SEARCH_PATHS = (
					"$(inherited)",
					"@executable_path/Frameworks",
				);
				PRODUCT_BUNDLE_IDENTIFIER = "com.app-squared.test.GHFollowers";
				PRODUCT_NAME = "$(TARGET_NAME)";
				SWIFT_VERSION = 5.0;
				TARGETED_DEVICE_FAMILY = 1;
			};
			name = Debug;
		};
		F84A613024AF789300507103 /* Release */ = {
			isa = XCBuildConfiguration;
			buildSettings = {
				ASSETCATALOG_COMPILER_APPICON_NAME = AppIcon;
				CODE_SIGN_STYLE = Automatic;
				DEVELOPMENT_TEAM = J339M6HX88;
				INFOPLIST_FILE = GHFollowers/Info.plist;
				LD_RUNPATH_SEARCH_PATHS = (
					"$(inherited)",
					"@executable_path/Frameworks",
				);
				PRODUCT_BUNDLE_IDENTIFIER = "com.app-squared.test.GHFollowers";
				PRODUCT_NAME = "$(TARGET_NAME)";
				SWIFT_VERSION = 5.0;
				TARGETED_DEVICE_FAMILY = 1;
			};
			name = Release;
		};
/* End XCBuildConfiguration section */

/* Begin XCConfigurationList section */
		F84A611524AF788F00507103 /* Build configuration list for PBXProject "GHFollowers" */ = {
			isa = XCConfigurationList;
			buildConfigurations = (
				F84A612C24AF789300507103 /* Debug */,
				F84A612D24AF789300507103 /* Release */,
			);
			defaultConfigurationIsVisible = 0;
			defaultConfigurationName = Release;
		};
		F84A612E24AF789300507103 /* Build configuration list for PBXNativeTarget "GHFollowers" */ = {
			isa = XCConfigurationList;
			buildConfigurations = (
				F84A612F24AF789300507103 /* Debug */,
				F84A613024AF789300507103 /* Release */,
			);
			defaultConfigurationIsVisible = 0;
			defaultConfigurationName = Release;
		};
/* End XCConfigurationList section */
	};
	rootObject = F84A611224AF788F00507103 /* Project object */;
}
